// !$*UTF8*$!
{
	archiveVersion = 1;
	classes = {
	};
	objectVersion = 51;
	objects = {

/* Begin PBXBuildFile section */
		043124822269C00F003C7E3E /* AppDelegate.swift in Sources */ = {isa = PBXBuildFile; fileRef = 043124812269C00F003C7E3E /* AppDelegate.swift */; };
		043124842269C00F003C7E3E /* ViewController.swift in Sources */ = {isa = PBXBuildFile; fileRef = 043124832269C00F003C7E3E /* ViewController.swift */; };
		043124872269C00F003C7E3E /* Main.storyboard in Resources */ = {isa = PBXBuildFile; fileRef = 043124852269C00F003C7E3E /* Main.storyboard */; };
		043124892269C011003C7E3E /* Assets.xcassets in Resources */ = {isa = PBXBuildFile; fileRef = 043124882269C011003C7E3E /* Assets.xcassets */; };
		0431248C2269C011003C7E3E /* LaunchScreen.storyboard in Resources */ = {isa = PBXBuildFile; fileRef = 0431248A2269C011003C7E3E /* LaunchScreen.storyboard */; };
		3D6B3DE22448183000F69F42 /* GoogleService-Info.plist in Resources */ = {isa = PBXBuildFile; fileRef = 3D6B3DE12448182F00F69F42 /* GoogleService-Info.plist */; };
		3DD5C8592435E344001A7941 /* ConferenceVC.swift in Sources */ = {isa = PBXBuildFile; fileRef = 3DD5C8572435E344001A7941 /* ConferenceVC.swift */; };
		3DD5C85A2435E344001A7941 /* ConferenceVC.xib in Resources */ = {isa = PBXBuildFile; fileRef = 3DD5C8582435E344001A7941 /* ConferenceVC.xib */; };
		4FC3C82673A72AA1FFEBC4FB /* Pods_QiscusMeetExample.framework in Frameworks */ = {isa = PBXBuildFile; fileRef = 4E5D3F796BCABAD6C308D56A /* Pods_QiscusMeetExample.framework */; };
		CE505D3F26A50A810003C905 /* Atomic.swift in Sources */ = {isa = PBXBuildFile; fileRef = CE505D3E26A50A810003C905 /* Atomic.swift */; };
		CE505D4026A50A810003C905 /* Atomic.swift in Sources */ = {isa = PBXBuildFile; fileRef = CE505D3E26A50A810003C905 /* Atomic.swift */; };
		CE505D4126A50A9D0003C905 /* SampleHandler.swift in Sources */ = {isa = PBXBuildFile; fileRef = CEB429A726A5026100A2E439 /* SampleHandler.swift */; };
		CE505D4326A50AD60003C905 /* DarwinNotificationCenter.swift in Sources */ = {isa = PBXBuildFile; fileRef = CE505D4226A50AD60003C905 /* DarwinNotificationCenter.swift */; };
		CE505D4426A50AD60003C905 /* DarwinNotificationCenter.swift in Sources */ = {isa = PBXBuildFile; fileRef = CE505D4226A50AD60003C905 /* DarwinNotificationCenter.swift */; };
		CE505D4626A50AFB0003C905 /* SampleUploader.swift in Sources */ = {isa = PBXBuildFile; fileRef = CE505D4526A50AFB0003C905 /* SampleUploader.swift */; };
		CE505D4726A50AFB0003C905 /* SampleUploader.swift in Sources */ = {isa = PBXBuildFile; fileRef = CE505D4526A50AFB0003C905 /* SampleUploader.swift */; };
		CE505D4926A50B2B0003C905 /* SocketConnection.swift in Sources */ = {isa = PBXBuildFile; fileRef = CE505D4826A50B2B0003C905 /* SocketConnection.swift */; };
		CE505D4A26A50B2B0003C905 /* SocketConnection.swift in Sources */ = {isa = PBXBuildFile; fileRef = CE505D4826A50B2B0003C905 /* SocketConnection.swift */; };
		CEB429A526A5026100A2E439 /* ReplayKit.framework in Frameworks */ = {isa = PBXBuildFile; fileRef = CE2BE25F269D92ED00C8AC3E /* ReplayKit.framework */; };
		CEB429A826A5026100A2E439 /* SampleHandler.swift in Sources */ = {isa = PBXBuildFile; fileRef = CEB429A726A5026100A2E439 /* SampleHandler.swift */; };
		CEB429AC26A5026200A2E439 /* BroadcastExtension.appex in Embed App Extensions */ = {isa = PBXBuildFile; fileRef = CEB429A426A5026100A2E439 /* BroadcastExtension.appex */; settings = {ATTRIBUTES = (RemoveHeadersOnCopy, ); }; };
/* End PBXBuildFile section */

/* Begin PBXContainerItemProxy section */
		CEB429AA26A5026100A2E439 /* PBXContainerItemProxy */ = {
			isa = PBXContainerItemProxy;
			containerPortal = 043124762269C00F003C7E3E /* Project object */;
			proxyType = 1;
			remoteGlobalIDString = CEB429A326A5026100A2E439;
			remoteInfo = BroadcastExtension;
		};
/* End PBXContainerItemProxy section */

/* Begin PBXCopyFilesBuildPhase section */
		CE2BE277269D92EE00C8AC3E /* Embed App Extensions */ = {
			isa = PBXCopyFilesBuildPhase;
			buildActionMask = 2147483647;
			dstPath = "";
			dstSubfolderSpec = 13;
			files = (
				CEB429AC26A5026200A2E439 /* BroadcastExtension.appex in Embed App Extensions */,
			);
			name = "Embed App Extensions";
			runOnlyForDeploymentPostprocessing = 0;
		};
/* End PBXCopyFilesBuildPhase section */

/* Begin PBXFileReference section */
		0431247E2269C00F003C7E3E /* Qiscus Meet.app */ = {isa = PBXFileReference; explicitFileType = wrapper.application; includeInIndex = 0; path = "Qiscus Meet.app"; sourceTree = BUILT_PRODUCTS_DIR; };
		043124812269C00F003C7E3E /* AppDelegate.swift */ = {isa = PBXFileReference; lastKnownFileType = sourcecode.swift; path = AppDelegate.swift; sourceTree = "<group>"; };
		043124832269C00F003C7E3E /* ViewController.swift */ = {isa = PBXFileReference; lastKnownFileType = sourcecode.swift; path = ViewController.swift; sourceTree = "<group>"; };
		043124862269C00F003C7E3E /* Base */ = {isa = PBXFileReference; lastKnownFileType = file.storyboard; name = Base; path = Base.lproj/Main.storyboard; sourceTree = "<group>"; };
		043124882269C011003C7E3E /* Assets.xcassets */ = {isa = PBXFileReference; lastKnownFileType = folder.assetcatalog; path = Assets.xcassets; sourceTree = "<group>"; };
		0431248B2269C011003C7E3E /* Base */ = {isa = PBXFileReference; lastKnownFileType = file.storyboard; name = Base; path = Base.lproj/LaunchScreen.storyboard; sourceTree = "<group>"; };
		0431248D2269C011003C7E3E /* Info.plist */ = {isa = PBXFileReference; lastKnownFileType = text.plist.xml; path = Info.plist; sourceTree = "<group>"; };
		0D3058B09E066BA4F8C82D3C /* Pods-QiscusMeetExample.release.xcconfig */ = {isa = PBXFileReference; includeInIndex = 1; lastKnownFileType = text.xcconfig; name = "Pods-QiscusMeetExample.release.xcconfig"; path = "Target Support Files/Pods-QiscusMeetExample/Pods-QiscusMeetExample.release.xcconfig"; sourceTree = "<group>"; };
		1403D9744B84B6D0BDFFC836 /* Pods-QiscusMeetExample.debug.xcconfig */ = {isa = PBXFileReference; includeInIndex = 1; lastKnownFileType = text.xcconfig; name = "Pods-QiscusMeetExample.debug.xcconfig"; path = "Target Support Files/Pods-QiscusMeetExample/Pods-QiscusMeetExample.debug.xcconfig"; sourceTree = "<group>"; };
		3D5C8431243626600070E142 /* QiscusMeetExample.entitlements */ = {isa = PBXFileReference; lastKnownFileType = text.plist.entitlements; path = QiscusMeetExample.entitlements; sourceTree = "<group>"; };
		3D6B3DE12448182F00F69F42 /* GoogleService-Info.plist */ = {isa = PBXFileReference; fileEncoding = 4; lastKnownFileType = text.plist.xml; path = "GoogleService-Info.plist"; sourceTree = "<group>"; };
		3DD5C8572435E344001A7941 /* ConferenceVC.swift */ = {isa = PBXFileReference; lastKnownFileType = sourcecode.swift; path = ConferenceVC.swift; sourceTree = "<group>"; };
		3DD5C8582435E344001A7941 /* ConferenceVC.xib */ = {isa = PBXFileReference; lastKnownFileType = file.xib; path = ConferenceVC.xib; sourceTree = "<group>"; };
		4E5D3F796BCABAD6C308D56A /* Pods_QiscusMeetExample.framework */ = {isa = PBXFileReference; explicitFileType = wrapper.framework; includeInIndex = 0; path = Pods_QiscusMeetExample.framework; sourceTree = BUILT_PRODUCTS_DIR; };
		CE2BE25F269D92ED00C8AC3E /* ReplayKit.framework */ = {isa = PBXFileReference; lastKnownFileType = wrapper.framework; name = ReplayKit.framework; path = System/Library/Frameworks/ReplayKit.framework; sourceTree = SDKROOT; };
		CE2BE26B269D92ED00C8AC3E /* UIKit.framework */ = {isa = PBXFileReference; lastKnownFileType = wrapper.framework; name = UIKit.framework; path = System/Library/Frameworks/UIKit.framework; sourceTree = SDKROOT; };
		CE505D3E26A50A810003C905 /* Atomic.swift */ = {isa = PBXFileReference; lastKnownFileType = sourcecode.swift; path = Atomic.swift; sourceTree = "<group>"; };
		CE505D4226A50AD60003C905 /* DarwinNotificationCenter.swift */ = {isa = PBXFileReference; lastKnownFileType = sourcecode.swift; path = DarwinNotificationCenter.swift; sourceTree = "<group>"; };
		CE505D4526A50AFB0003C905 /* SampleUploader.swift */ = {isa = PBXFileReference; lastKnownFileType = sourcecode.swift; path = SampleUploader.swift; sourceTree = "<group>"; };
		CE505D4826A50B2B0003C905 /* SocketConnection.swift */ = {isa = PBXFileReference; lastKnownFileType = sourcecode.swift; path = SocketConnection.swift; sourceTree = "<group>"; };
		CEB429A426A5026100A2E439 /* BroadcastExtension.appex */ = {isa = PBXFileReference; explicitFileType = "wrapper.app-extension"; includeInIndex = 0; path = BroadcastExtension.appex; sourceTree = BUILT_PRODUCTS_DIR; };
		CEB429A726A5026100A2E439 /* SampleHandler.swift */ = {isa = PBXFileReference; lastKnownFileType = sourcecode.swift; path = SampleHandler.swift; sourceTree = "<group>"; };
		CEB429A926A5026100A2E439 /* Info.plist */ = {isa = PBXFileReference; lastKnownFileType = text.plist.xml; path = Info.plist; sourceTree = "<group>"; };
		CEB429B026A5027900A2E439 /* BroadcastExtension.entitlements */ = {isa = PBXFileReference; lastKnownFileType = text.plist.entitlements; path = BroadcastExtension.entitlements; sourceTree = "<group>"; };
/* End PBXFileReference section */

/* Begin PBXFrameworksBuildPhase section */
		0431247B2269C00F003C7E3E /* Frameworks */ = {
			isa = PBXFrameworksBuildPhase;
			buildActionMask = 2147483647;
			files = (
				4FC3C82673A72AA1FFEBC4FB /* Pods_QiscusMeetExample.framework in Frameworks */,
			);
			runOnlyForDeploymentPostprocessing = 0;
		};
		CEB429A126A5026100A2E439 /* Frameworks */ = {
			isa = PBXFrameworksBuildPhase;
			buildActionMask = 2147483647;
			files = (
				CEB429A526A5026100A2E439 /* ReplayKit.framework in Frameworks */,
			);
			runOnlyForDeploymentPostprocessing = 0;
		};
/* End PBXFrameworksBuildPhase section */

/* Begin PBXGroup section */
		043124752269C00F003C7E3E = {
			isa = PBXGroup;
			children = (
				043124802269C00F003C7E3E /* QiscusMeetExample */,
				CEB429A626A5026100A2E439 /* BroadcastExtension */,
				0431247F2269C00F003C7E3E /* Products */,
				B8E8D906D175DF80FA82D0FC /* Pods */,
				5974FF67063B4E5F4317352A /* Frameworks */,
			);
			sourceTree = "<group>";
		};
		0431247F2269C00F003C7E3E /* Products */ = {
			isa = PBXGroup;
			children = (
				0431247E2269C00F003C7E3E /* Qiscus Meet.app */,
				CEB429A426A5026100A2E439 /* BroadcastExtension.appex */,
			);
			name = Products;
			sourceTree = "<group>";
		};
		043124802269C00F003C7E3E /* QiscusMeetExample */ = {
			isa = PBXGroup;
			children = (
				3D6B3DE12448182F00F69F42 /* GoogleService-Info.plist */,
				3D5C8431243626600070E142 /* QiscusMeetExample.entitlements */,
				043124812269C00F003C7E3E /* AppDelegate.swift */,
				043124832269C00F003C7E3E /* ViewController.swift */,
				043124852269C00F003C7E3E /* Main.storyboard */,
				043124882269C011003C7E3E /* Assets.xcassets */,
				0431248A2269C011003C7E3E /* LaunchScreen.storyboard */,
				0431248D2269C011003C7E3E /* Info.plist */,
				3DD5C8572435E344001A7941 /* ConferenceVC.swift */,
				3DD5C8582435E344001A7941 /* ConferenceVC.xib */,
			);
			path = QiscusMeetExample;
			sourceTree = "<group>";
		};
		5974FF67063B4E5F4317352A /* Frameworks */ = {
			isa = PBXGroup;
			children = (
				CE2BE25F269D92ED00C8AC3E /* ReplayKit.framework */,
				CE2BE26B269D92ED00C8AC3E /* UIKit.framework */,
				4E5D3F796BCABAD6C308D56A /* Pods_QiscusMeetExample.framework */,
			);
			name = Frameworks;
			sourceTree = "<group>";
		};
		B8E8D906D175DF80FA82D0FC /* Pods */ = {
			isa = PBXGroup;
			children = (
				1403D9744B84B6D0BDFFC836 /* Pods-QiscusMeetExample.debug.xcconfig */,
				0D3058B09E066BA4F8C82D3C /* Pods-QiscusMeetExample.release.xcconfig */,
			);
			path = Pods;
			sourceTree = "<group>";
		};
		CEB429A626A5026100A2E439 /* BroadcastExtension */ = {
			isa = PBXGroup;
			children = (
				CEB429B026A5027900A2E439 /* BroadcastExtension.entitlements */,
				CEB429A726A5026100A2E439 /* SampleHandler.swift */,
				CEB429A926A5026100A2E439 /* Info.plist */,
				CE505D3E26A50A810003C905 /* Atomic.swift */,
				CE505D4226A50AD60003C905 /* DarwinNotificationCenter.swift */,
				CE505D4526A50AFB0003C905 /* SampleUploader.swift */,
				CE505D4826A50B2B0003C905 /* SocketConnection.swift */,
			);
			path = BroadcastExtension;
			sourceTree = "<group>";
		};
/* End PBXGroup section */

/* Begin PBXNativeTarget section */
		0431247D2269C00F003C7E3E /* QiscusMeetExample */ = {
			isa = PBXNativeTarget;
			buildConfigurationList = 043124902269C011003C7E3E /* Build configuration list for PBXNativeTarget "QiscusMeetExample" */;
			buildPhases = (
				737DD6CC5D2F382A3EA57AF4 /* [CP] Check Pods Manifest.lock */,
				0431247A2269C00F003C7E3E /* Sources */,
				0431247B2269C00F003C7E3E /* Frameworks */,
				0431247C2269C00F003C7E3E /* Resources */,
				3D2C3C1524480BAA004A059F /* ShellScript */,
				CE2BE277269D92EE00C8AC3E /* Embed App Extensions */,
				99F7DCBE2717842FEA0780CE /* [CP] Embed Pods Frameworks */,
			);
			buildRules = (
			);
			dependencies = (
				CEB429AB26A5026100A2E439 /* PBXTargetDependency */,
			);
			name = QiscusMeetExample;
			productName = QiscusMeetExample;
			productReference = 0431247E2269C00F003C7E3E /* Qiscus Meet.app */;
			productType = "com.apple.product-type.application";
		};
		CEB429A326A5026100A2E439 /* BroadcastExtension */ = {
			isa = PBXNativeTarget;
			buildConfigurationList = CEB429AD26A5026200A2E439 /* Build configuration list for PBXNativeTarget "BroadcastExtension" */;
			buildPhases = (
				CEB429A026A5026100A2E439 /* Sources */,
				CEB429A126A5026100A2E439 /* Frameworks */,
				CEB429A226A5026100A2E439 /* Resources */,
			);
			buildRules = (
			);
			dependencies = (
			);
			name = BroadcastExtension;
			productName = BroadcastExtension;
			productReference = CEB429A426A5026100A2E439 /* BroadcastExtension.appex */;
			productType = "com.apple.product-type.app-extension";
		};
/* End PBXNativeTarget section */

/* Begin PBXProject section */
		043124762269C00F003C7E3E /* Project object */ = {
			isa = PBXProject;
			attributes = {
				DefaultBuildSystemTypeForWorkspace = Original;
				LastSwiftUpdateCheck = 1250;
				LastUpgradeCheck = 1250;
				ORGANIZATIONNAME = qiscus;
				TargetAttributes = {
					0431247D2269C00F003C7E3E = {
						CreatedOnToolsVersion = 10.1;
					};
					CEB429A326A5026100A2E439 = {
						CreatedOnToolsVersion = 12.5;
					};
				};
			};
			buildConfigurationList = 043124792269C00F003C7E3E /* Build configuration list for PBXProject "QiscusMeetExample" */;
			compatibilityVersion = "Xcode 9.3";
			developmentRegion = en;
			hasScannedForEncodings = 0;
			knownRegions = (
				en,
				Base,
			);
			mainGroup = 043124752269C00F003C7E3E;
			productRefGroup = 0431247F2269C00F003C7E3E /* Products */;
			projectDirPath = "";
			projectRoot = "";
			targets = (
				0431247D2269C00F003C7E3E /* QiscusMeetExample */,
				CEB429A326A5026100A2E439 /* BroadcastExtension */,
			);
		};
/* End PBXProject section */

/* Begin PBXResourcesBuildPhase section */
		0431247C2269C00F003C7E3E /* Resources */ = {
			isa = PBXResourcesBuildPhase;
			buildActionMask = 2147483647;
			files = (
				0431248C2269C011003C7E3E /* LaunchScreen.storyboard in Resources */,
				043124892269C011003C7E3E /* Assets.xcassets in Resources */,
				3D6B3DE22448183000F69F42 /* GoogleService-Info.plist in Resources */,
				3DD5C85A2435E344001A7941 /* ConferenceVC.xib in Resources */,
				043124872269C00F003C7E3E /* Main.storyboard in Resources */,
			);
			runOnlyForDeploymentPostprocessing = 0;
		};
		CEB429A226A5026100A2E439 /* Resources */ = {
			isa = PBXResourcesBuildPhase;
			buildActionMask = 2147483647;
			files = (
			);
			runOnlyForDeploymentPostprocessing = 0;
		};
/* End PBXResourcesBuildPhase section */

/* Begin PBXShellScriptBuildPhase section */
		3D2C3C1524480BAA004A059F /* ShellScript */ = {
			isa = PBXShellScriptBuildPhase;
			buildActionMask = 2147483647;
			files = (
			);
			inputFileListPaths = (
			);
			inputPaths = (
				"$(SRCROOT)/$(BUILT_PRODUCTS_DIR)/$(INFOPLIST_PATH)",
				"${DWARF_DSYM_FOLDER_PATH}/${DWARF_DSYM_FILE_NAME}/Contents/Resources/DWARF/${TARGET_NAME}",
			);
			outputFileListPaths = (
			);
			outputPaths = (
			);
			runOnlyForDeploymentPostprocessing = 0;
			shellPath = /bin/sh;
			shellScript = "\"${PODS_ROOT}/FirebaseCrashlytics/run\"\n";
		};
		737DD6CC5D2F382A3EA57AF4 /* [CP] Check Pods Manifest.lock */ = {
			isa = PBXShellScriptBuildPhase;
			buildActionMask = 2147483647;
			files = (
			);
			inputFileListPaths = (
			);
			inputPaths = (
				"${PODS_PODFILE_DIR_PATH}/Podfile.lock",
				"${PODS_ROOT}/Manifest.lock",
			);
			name = "[CP] Check Pods Manifest.lock";
			outputFileListPaths = (
			);
			outputPaths = (
				"$(DERIVED_FILE_DIR)/Pods-QiscusMeetExample-checkManifestLockResult.txt",
			);
			runOnlyForDeploymentPostprocessing = 0;
			shellPath = /bin/sh;
			shellScript = "diff \"${PODS_PODFILE_DIR_PATH}/Podfile.lock\" \"${PODS_ROOT}/Manifest.lock\" > /dev/null\nif [ $? != 0 ] ; then\n    # print error to STDERR\n    echo \"error: The sandbox is not in sync with the Podfile.lock. Run 'pod install' or update your CocoaPods installation.\" >&2\n    exit 1\nfi\n# This output is used by Xcode 'outputs' to avoid re-running this script phase.\necho \"SUCCESS\" > \"${SCRIPT_OUTPUT_FILE_0}\"\n";
			showEnvVarsInLog = 0;
		};
		99F7DCBE2717842FEA0780CE /* [CP] Embed Pods Frameworks */ = {
			isa = PBXShellScriptBuildPhase;
			buildActionMask = 2147483647;
			files = (
			);
			inputFileListPaths = (
				"${PODS_ROOT}/Target Support Files/Pods-QiscusMeetExample/Pods-QiscusMeetExample-frameworks-${CONFIGURATION}-input-files.xcfilelist",
			);
			name = "[CP] Embed Pods Frameworks";
			outputFileListPaths = (
				"${PODS_ROOT}/Target Support Files/Pods-QiscusMeetExample/Pods-QiscusMeetExample-frameworks-${CONFIGURATION}-output-files.xcfilelist",
			);
			runOnlyForDeploymentPostprocessing = 0;
			shellPath = /bin/sh;
			shellScript = "\"${PODS_ROOT}/Target Support Files/Pods-QiscusMeetExample/Pods-QiscusMeetExample-frameworks.sh\"\n";
			showEnvVarsInLog = 0;
		};
/* End PBXShellScriptBuildPhase section */

/* Begin PBXSourcesBuildPhase section */
		0431247A2269C00F003C7E3E /* Sources */ = {
			isa = PBXSourcesBuildPhase;
			buildActionMask = 2147483647;
			files = (
				CE505D4126A50A9D0003C905 /* SampleHandler.swift in Sources */,
				CE505D3F26A50A810003C905 /* Atomic.swift in Sources */,
				CE505D4926A50B2B0003C905 /* SocketConnection.swift in Sources */,
				CE505D4626A50AFB0003C905 /* SampleUploader.swift in Sources */,
				043124842269C00F003C7E3E /* ViewController.swift in Sources */,
				3DD5C8592435E344001A7941 /* ConferenceVC.swift in Sources */,
				CE505D4326A50AD60003C905 /* DarwinNotificationCenter.swift in Sources */,
				043124822269C00F003C7E3E /* AppDelegate.swift in Sources */,
			);
			runOnlyForDeploymentPostprocessing = 0;
		};
		CEB429A026A5026100A2E439 /* Sources */ = {
			isa = PBXSourcesBuildPhase;
			buildActionMask = 2147483647;
			files = (
				CE505D4026A50A810003C905 /* Atomic.swift in Sources */,
				CE505D4726A50AFB0003C905 /* SampleUploader.swift in Sources */,
				CE505D4426A50AD60003C905 /* DarwinNotificationCenter.swift in Sources */,
				CEB429A826A5026100A2E439 /* SampleHandler.swift in Sources */,
				CE505D4A26A50B2B0003C905 /* SocketConnection.swift in Sources */,
			);
			runOnlyForDeploymentPostprocessing = 0;
		};
/* End PBXSourcesBuildPhase section */

/* Begin PBXTargetDependency section */
		CEB429AB26A5026100A2E439 /* PBXTargetDependency */ = {
			isa = PBXTargetDependency;
			target = CEB429A326A5026100A2E439 /* BroadcastExtension */;
			targetProxy = CEB429AA26A5026100A2E439 /* PBXContainerItemProxy */;
		};
/* End PBXTargetDependency section */

/* Begin PBXVariantGroup section */
		043124852269C00F003C7E3E /* Main.storyboard */ = {
			isa = PBXVariantGroup;
			children = (
				043124862269C00F003C7E3E /* Base */,
			);
			name = Main.storyboard;
			sourceTree = "<group>";
		};
		0431248A2269C011003C7E3E /* LaunchScreen.storyboard */ = {
			isa = PBXVariantGroup;
			children = (
				0431248B2269C011003C7E3E /* Base */,
			);
			name = LaunchScreen.storyboard;
			sourceTree = "<group>";
		};
/* End PBXVariantGroup section */

/* Begin XCBuildConfiguration section */
		0431248E2269C011003C7E3E /* Debug */ = {
			isa = XCBuildConfiguration;
			buildSettings = {
				ALWAYS_SEARCH_USER_PATHS = NO;
				CLANG_ANALYZER_NONNULL = YES;
				CLANG_ANALYZER_NUMBER_OBJECT_CONVERSION = YES_AGGRESSIVE;
				CLANG_CXX_LANGUAGE_STANDARD = "gnu++14";
				CLANG_CXX_LIBRARY = "libc++";
				CLANG_ENABLE_MODULES = YES;
				CLANG_ENABLE_OBJC_ARC = YES;
				CLANG_ENABLE_OBJC_WEAK = YES;
				CLANG_WARN_BLOCK_CAPTURE_AUTORELEASING = YES;
				CLANG_WARN_BOOL_CONVERSION = YES;
				CLANG_WARN_COMMA = YES;
				CLANG_WARN_CONSTANT_CONVERSION = YES;
				CLANG_WARN_DEPRECATED_OBJC_IMPLEMENTATIONS = YES;
				CLANG_WARN_DIRECT_OBJC_ISA_USAGE = YES_ERROR;
				CLANG_WARN_DOCUMENTATION_COMMENTS = YES;
				CLANG_WARN_EMPTY_BODY = YES;
				CLANG_WARN_ENUM_CONVERSION = YES;
				CLANG_WARN_INFINITE_RECURSION = YES;
				CLANG_WARN_INT_CONVERSION = YES;
				CLANG_WARN_NON_LITERAL_NULL_CONVERSION = YES;
				CLANG_WARN_OBJC_IMPLICIT_RETAIN_SELF = YES;
				CLANG_WARN_OBJC_LITERAL_CONVERSION = YES;
				CLANG_WARN_OBJC_ROOT_CLASS = YES_ERROR;
				CLANG_WARN_QUOTED_INCLUDE_IN_FRAMEWORK_HEADER = YES;
				CLANG_WARN_RANGE_LOOP_ANALYSIS = YES;
				CLANG_WARN_STRICT_PROTOTYPES = YES;
				CLANG_WARN_SUSPICIOUS_MOVE = YES;
				CLANG_WARN_UNGUARDED_AVAILABILITY = YES_AGGRESSIVE;
				CLANG_WARN_UNREACHABLE_CODE = YES;
				CLANG_WARN__DUPLICATE_METHOD_MATCH = YES;
				CODE_SIGN_IDENTITY = "iPhone Developer";
				COPY_PHASE_STRIP = NO;
				DEBUG_INFORMATION_FORMAT = "dwarf-with-dsym";
				ENABLE_BITCODE = NO;
				ENABLE_STRICT_OBJC_MSGSEND = YES;
				ENABLE_TESTABILITY = YES;
				GCC_C_LANGUAGE_STANDARD = gnu11;
				GCC_DYNAMIC_NO_PIC = NO;
				GCC_NO_COMMON_BLOCKS = YES;
				GCC_OPTIMIZATION_LEVEL = 0;
				GCC_PREPROCESSOR_DEFINITIONS = (
					"DEBUG=1",
					"$(inherited)",
				);
				GCC_WARN_64_TO_32_BIT_CONVERSION = YES;
				GCC_WARN_ABOUT_RETURN_TYPE = YES_ERROR;
				GCC_WARN_UNDECLARED_SELECTOR = YES;
				GCC_WARN_UNINITIALIZED_AUTOS = YES_AGGRESSIVE;
				GCC_WARN_UNUSED_FUNCTION = YES;
				GCC_WARN_UNUSED_VARIABLE = YES;
				IPHONEOS_DEPLOYMENT_TARGET = 12.1;
				MTL_ENABLE_DEBUG_INFO = INCLUDE_SOURCE;
				MTL_FAST_MATH = YES;
				ONLY_ACTIVE_ARCH = YES;
				SDKROOT = iphoneos;
				SWIFT_ACTIVE_COMPILATION_CONDITIONS = DEBUG;
				SWIFT_OPTIMIZATION_LEVEL = "-Onone";
				VALIDATE_WORKSPACE = YES;
			};
			name = Debug;
		};
		0431248F2269C011003C7E3E /* Release */ = {
			isa = XCBuildConfiguration;
			buildSettings = {
				ALWAYS_SEARCH_USER_PATHS = NO;
				CLANG_ANALYZER_NONNULL = YES;
				CLANG_ANALYZER_NUMBER_OBJECT_CONVERSION = YES_AGGRESSIVE;
				CLANG_CXX_LANGUAGE_STANDARD = "gnu++14";
				CLANG_CXX_LIBRARY = "libc++";
				CLANG_ENABLE_MODULES = YES;
				CLANG_ENABLE_OBJC_ARC = YES;
				CLANG_ENABLE_OBJC_WEAK = YES;
				CLANG_WARN_BLOCK_CAPTURE_AUTORELEASING = YES;
				CLANG_WARN_BOOL_CONVERSION = YES;
				CLANG_WARN_COMMA = YES;
				CLANG_WARN_CONSTANT_CONVERSION = YES;
				CLANG_WARN_DEPRECATED_OBJC_IMPLEMENTATIONS = YES;
				CLANG_WARN_DIRECT_OBJC_ISA_USAGE = YES_ERROR;
				CLANG_WARN_DOCUMENTATION_COMMENTS = YES;
				CLANG_WARN_EMPTY_BODY = YES;
				CLANG_WARN_ENUM_CONVERSION = YES;
				CLANG_WARN_INFINITE_RECURSION = YES;
				CLANG_WARN_INT_CONVERSION = YES;
				CLANG_WARN_NON_LITERAL_NULL_CONVERSION = YES;
				CLANG_WARN_OBJC_IMPLICIT_RETAIN_SELF = YES;
				CLANG_WARN_OBJC_LITERAL_CONVERSION = YES;
				CLANG_WARN_OBJC_ROOT_CLASS = YES_ERROR;
				CLANG_WARN_QUOTED_INCLUDE_IN_FRAMEWORK_HEADER = YES;
				CLANG_WARN_RANGE_LOOP_ANALYSIS = YES;
				CLANG_WARN_STRICT_PROTOTYPES = YES;
				CLANG_WARN_SUSPICIOUS_MOVE = YES;
				CLANG_WARN_UNGUARDED_AVAILABILITY = YES_AGGRESSIVE;
				CLANG_WARN_UNREACHABLE_CODE = YES;
				CLANG_WARN__DUPLICATE_METHOD_MATCH = YES;
				CODE_SIGN_IDENTITY = "iPhone Developer";
				COPY_PHASE_STRIP = NO;
				DEBUG_INFORMATION_FORMAT = "dwarf-with-dsym";
				ENABLE_BITCODE = NO;
				ENABLE_NS_ASSERTIONS = NO;
				ENABLE_STRICT_OBJC_MSGSEND = YES;
				GCC_C_LANGUAGE_STANDARD = gnu11;
				GCC_NO_COMMON_BLOCKS = YES;
				GCC_WARN_64_TO_32_BIT_CONVERSION = YES;
				GCC_WARN_ABOUT_RETURN_TYPE = YES_ERROR;
				GCC_WARN_UNDECLARED_SELECTOR = YES;
				GCC_WARN_UNINITIALIZED_AUTOS = YES_AGGRESSIVE;
				GCC_WARN_UNUSED_FUNCTION = YES;
				GCC_WARN_UNUSED_VARIABLE = YES;
				IPHONEOS_DEPLOYMENT_TARGET = 12.1;
				MTL_ENABLE_DEBUG_INFO = NO;
				MTL_FAST_MATH = YES;
				SDKROOT = iphoneos;
				SWIFT_COMPILATION_MODE = wholemodule;
				SWIFT_OPTIMIZATION_LEVEL = "-O";
				VALIDATE_PRODUCT = YES;
				VALIDATE_WORKSPACE = YES;
			};
			name = Release;
		};
		043124912269C011003C7E3E /* Debug */ = {
			isa = XCBuildConfiguration;
			baseConfigurationReference = 1403D9744B84B6D0BDFFC836 /* Pods-QiscusMeetExample.debug.xcconfig */;
			buildSettings = {
				ALWAYS_EMBED_SWIFT_STANDARD_LIBRARIES = YES;
				ASSETCATALOG_COMPILER_APPICON_NAME = AppIcon;
				CODE_SIGN_ENTITLEMENTS = QiscusMeetExample/QiscusMeetExample.entitlements;
				CODE_SIGN_IDENTITY = "iPhone Developer";
				CODE_SIGN_STYLE = Manual;
				CURRENT_PROJECT_VERSION = 1;
				DEBUG_INFORMATION_FORMAT = "dwarf-with-dsym";
				DEVELOPMENT_TEAM = QG8KA4P8TE;
				ENABLE_BITCODE = NO;
				INFOPLIST_FILE = QiscusMeetExample/Info.plist;
				IPHONEOS_DEPLOYMENT_TARGET = 12.0;
				LD_RUNPATH_SEARCH_PATHS = (
					"$(inherited)",
					"@executable_path/Frameworks",
				);
				MARKETING_VERSION = 1.3.0;
				PRODUCT_BUNDLE_IDENTIFIER = com.qiscus.meetios;
				PRODUCT_NAME = "Qiscus Meet";
				PROVISIONING_PROFILE_SPECIFIER = "Qiscus Meet IOS Dev";
				SWIFT_VERSION = 4.2;
				TARGETED_DEVICE_FAMILY = "1,2";
			};
			name = Debug;
		};
		043124922269C011003C7E3E /* Release */ = {
			isa = XCBuildConfiguration;
			baseConfigurationReference = 0D3058B09E066BA4F8C82D3C /* Pods-QiscusMeetExample.release.xcconfig */;
			buildSettings = {
				ALWAYS_EMBED_SWIFT_STANDARD_LIBRARIES = YES;
				ASSETCATALOG_COMPILER_APPICON_NAME = AppIcon;
				CODE_SIGN_ENTITLEMENTS = QiscusMeetExample/QiscusMeetExample.entitlements;
				CODE_SIGN_IDENTITY = "iPhone Developer";
				CODE_SIGN_STYLE = Manual;
				CURRENT_PROJECT_VERSION = 1;
				DEVELOPMENT_TEAM = QG8KA4P8TE;
				ENABLE_BITCODE = NO;
				INFOPLIST_FILE = QiscusMeetExample/Info.plist;
				IPHONEOS_DEPLOYMENT_TARGET = 12.0;
				LD_RUNPATH_SEARCH_PATHS = (
					"$(inherited)",
					"@executable_path/Frameworks",
				);
				MARKETING_VERSION = 1.3.0;
				PRODUCT_BUNDLE_IDENTIFIER = com.qiscus.meetios;
				PRODUCT_NAME = "Qiscus Meet";
				PROVISIONING_PROFILE_SPECIFIER = "Qiscus Meet IOS Dev";
				SWIFT_VERSION = 4.2;
				TARGETED_DEVICE_FAMILY = "1,2";
			};
			name = Release;
		};
		CEB429AE26A5026200A2E439 /* Debug */ = {
			isa = XCBuildConfiguration;
			buildSettings = {
				CODE_SIGN_ENTITLEMENTS = BroadcastExtension/BroadcastExtension.entitlements;
				CODE_SIGN_IDENTITY = "iPhone Developer";
				CODE_SIGN_STYLE = Manual;
				DEBUG_INFORMATION_FORMAT = dwarf;
				DEVELOPMENT_TEAM = QG8KA4P8TE;
				INFOPLIST_FILE = BroadcastExtension/Info.plist;
				IPHONEOS_DEPLOYMENT_TARGET = 14.5;
				LD_RUNPATH_SEARCH_PATHS = (
					"$(inherited)",
					"@executable_path/Frameworks",
					"@executable_path/../../Frameworks",
				);
				PRODUCT_BUNDLE_IDENTIFIER = com.qiscus.meetios.BroadcastExtension;
				PRODUCT_NAME = "$(TARGET_NAME)";
				PROVISIONING_PROFILE_SPECIFIER = "Qiscus Meet BroadcastExtension Dev";
				SKIP_INSTALL = YES;
				SWIFT_VERSION = 5.0;
				TARGETED_DEVICE_FAMILY = "1,2";
			};
			name = Debug;
		};
		CEB429AF26A5026200A2E439 /* Release */ = {
			isa = XCBuildConfiguration;
			buildSettings = {
				CODE_SIGN_ENTITLEMENTS = BroadcastExtension/BroadcastExtension.entitlements;
				CODE_SIGN_IDENTITY = "iPhone Developer";
				CODE_SIGN_STYLE = Manual;
				DEVELOPMENT_TEAM = QG8KA4P8TE;
				INFOPLIST_FILE = BroadcastExtension/Info.plist;
				IPHONEOS_DEPLOYMENT_TARGET = 14.5;
				LD_RUNPATH_SEARCH_PATHS = (
					"$(inherited)",
					"@executable_path/Frameworks",
					"@executable_path/../../Frameworks",
				);
				PRODUCT_BUNDLE_IDENTIFIER = com.qiscus.meetios.BroadcastExtension;
				PRODUCT_NAME = "$(TARGET_NAME)";
				PROVISIONING_PROFILE_SPECIFIER = "Qiscus Meet BroadcastExtension Dev";
				SKIP_INSTALL = YES;
				SWIFT_VERSION = 5.0;
				TARGETED_DEVICE_FAMILY = "1,2";
			};
			name = Release;
		};
/* End XCBuildConfiguration section */

/* Begin XCConfigurationList section */
		043124792269C00F003C7E3E /* Build configuration list for PBXProject "QiscusMeetExample" */ = {
			isa = XCConfigurationList;
			buildConfigurations = (
				0431248E2269C011003C7E3E /* Debug */,
				0431248F2269C011003C7E3E /* Release */,
			);
			defaultConfigurationIsVisible = 0;
			defaultConfigurationName = Release;
		};
		043124902269C011003C7E3E /* Build configuration list for PBXNativeTarget "QiscusMeetExample" */ = {
			isa = XCConfigurationList;
			buildConfigurations = (
				043124912269C011003C7E3E /* Debug */,
				043124922269C011003C7E3E /* Release */,
			);
			defaultConfigurationIsVisible = 0;
			defaultConfigurationName = Release;
		};
		CEB429AD26A5026200A2E439 /* Build configuration list for PBXNativeTarget "BroadcastExtension" */ = {
			isa = XCConfigurationList;
			buildConfigurations = (
				CEB429AE26A5026200A2E439 /* Debug */,
				CEB429AF26A5026200A2E439 /* Release */,
			);
			defaultConfigurationIsVisible = 0;
			defaultConfigurationName = Release;
		};
/* End XCConfigurationList section */
	};
	rootObject = 043124762269C00F003C7E3E /* Project object */;
}
