// !$*UTF8*$!
{
	archiveVersion = 1;
	classes = {
	};
	objectVersion = 51;
	objects = {

/* Begin PBXBuildFile section */
		043124822269C00F003C7E3E /* AppDelegate.swift in Sources */ = {isa = PBXBuildFile; fileRef = 043124812269C00F003C7E3E /* AppDelegate.swift */; };
		043124842269C00F003C7E3E /* ViewController.swift in Sources */ = {isa = PBXBuildFile; fileRef = 043124832269C00F003C7E3E /* ViewController.swift */; };
		043124872269C00F003C7E3E /* Main.storyboard in Resources */ = {isa = PBXBuildFile; fileRef = 043124852269C00F003C7E3E /* Main.storyboard */; };
		043124892269C011003C7E3E /* Assets.xcassets in Resources */ = {isa = PBXBuildFile; fileRef = 043124882269C011003C7E3E /* Assets.xcassets */; };
		0431248C2269C011003C7E3E /* LaunchScreen.storyboard in Resources */ = {isa = PBXBuildFile; fileRef = 0431248A2269C011003C7E3E /* LaunchScreen.storyboard */; };
		3D6B3DE22448183000F69F42 /* GoogleService-Info.plist in Resources */ = {isa = PBXBuildFile; fileRef = 3D6B3DE12448182F00F69F42 /* GoogleService-Info.plist */; };
		3DD5C8592435E344001A7941 /* ConferenceVC.swift in Sources */ = {isa = PBXBuildFile; fileRef = 3DD5C8572435E344001A7941 /* ConferenceVC.swift */; };
		3DD5C85A2435E344001A7941 /* ConferenceVC.xib in Resources */ = {isa = PBXBuildFile; fileRef = 3DD5C8582435E344001A7941 /* ConferenceVC.xib */; };
		B2A5D37AEDA89ED2CF4BFBF3 /* Pods_QiscusMeetExample.framework in Frameworks */ = {isa = PBXBuildFile; fileRef = 9D18379216495591D1647E2D /* Pods_QiscusMeetExample.framework */; };
/* End PBXBuildFile section */

/* Begin PBXFileReference section */
		0431247E2269C00F003C7E3E /* Qiscus Meet.app */ = {isa = PBXFileReference; explicitFileType = wrapper.application; includeInIndex = 0; path = "Qiscus Meet.app"; sourceTree = BUILT_PRODUCTS_DIR; };
		043124812269C00F003C7E3E /* AppDelegate.swift */ = {isa = PBXFileReference; lastKnownFileType = sourcecode.swift; path = AppDelegate.swift; sourceTree = "<group>"; };
		043124832269C00F003C7E3E /* ViewController.swift */ = {isa = PBXFileReference; lastKnownFileType = sourcecode.swift; path = ViewController.swift; sourceTree = "<group>"; };
		043124862269C00F003C7E3E /* Base */ = {isa = PBXFileReference; lastKnownFileType = file.storyboard; name = Base; path = Base.lproj/Main.storyboard; sourceTree = "<group>"; };
		043124882269C011003C7E3E /* Assets.xcassets */ = {isa = PBXFileReference; lastKnownFileType = folder.assetcatalog; path = Assets.xcassets; sourceTree = "<group>"; };
		0431248B2269C011003C7E3E /* Base */ = {isa = PBXFileReference; lastKnownFileType = file.storyboard; name = Base; path = Base.lproj/LaunchScreen.storyboard; sourceTree = "<group>"; };
		0431248D2269C011003C7E3E /* Info.plist */ = {isa = PBXFileReference; lastKnownFileType = text.plist.xml; path = Info.plist; sourceTree = "<group>"; };
		0DDB41A7B8586FDD84163CBE /* Pods-QiscusMeetExample.release.xcconfig */ = {isa = PBXFileReference; includeInIndex = 1; lastKnownFileType = text.xcconfig; name = "Pods-QiscusMeetExample.release.xcconfig"; path = "Target Support Files/Pods-QiscusMeetExample/Pods-QiscusMeetExample.release.xcconfig"; sourceTree = "<group>"; };
		3D5C8431243626600070E142 /* QiscusMeetExample.entitlements */ = {isa = PBXFileReference; lastKnownFileType = text.plist.entitlements; path = QiscusMeetExample.entitlements; sourceTree = "<group>"; };
		3D6B3DE12448182F00F69F42 /* GoogleService-Info.plist */ = {isa = PBXFileReference; fileEncoding = 4; lastKnownFileType = text.plist.xml; path = "GoogleService-Info.plist"; sourceTree = "<group>"; };
		3DD5C8572435E344001A7941 /* ConferenceVC.swift */ = {isa = PBXFileReference; lastKnownFileType = sourcecode.swift; path = ConferenceVC.swift; sourceTree = "<group>"; };
		3DD5C8582435E344001A7941 /* ConferenceVC.xib */ = {isa = PBXFileReference; lastKnownFileType = file.xib; path = ConferenceVC.xib; sourceTree = "<group>"; };
		9D18379216495591D1647E2D /* Pods_QiscusMeetExample.framework */ = {isa = PBXFileReference; explicitFileType = wrapper.framework; includeInIndex = 0; path = Pods_QiscusMeetExample.framework; sourceTree = BUILT_PRODUCTS_DIR; };
		C1EEFBBDDD341346388CBFE5 /* Pods-QiscusMeetExample.debug.xcconfig */ = {isa = PBXFileReference; includeInIndex = 1; lastKnownFileType = text.xcconfig; name = "Pods-QiscusMeetExample.debug.xcconfig"; path = "Target Support Files/Pods-QiscusMeetExample/Pods-QiscusMeetExample.debug.xcconfig"; sourceTree = "<group>"; };
/* End PBXFileReference section */

/* Begin PBXFrameworksBuildPhase section */
		0431247B2269C00F003C7E3E /* Frameworks */ = {
			isa = PBXFrameworksBuildPhase;
			buildActionMask = 2147483647;
			files = (
				B2A5D37AEDA89ED2CF4BFBF3 /* Pods_QiscusMeetExample.framework in Frameworks */,
			);
			runOnlyForDeploymentPostprocessing = 0;
		};
/* End PBXFrameworksBuildPhase section */

/* Begin PBXGroup section */
		043124752269C00F003C7E3E = {
			isa = PBXGroup;
			children = (
				043124802269C00F003C7E3E /* QiscusMeetExample */,
				0431247F2269C00F003C7E3E /* Products */,
				B8E8D906D175DF80FA82D0FC /* Pods */,
				1FCB9FE3A43C6A71E8332290 /* Frameworks */,
			);
			sourceTree = "<group>";
		};
		0431247F2269C00F003C7E3E /* Products */ = {
			isa = PBXGroup;
			children = (
				0431247E2269C00F003C7E3E /* Qiscus Meet.app */,
			);
			name = Products;
			sourceTree = "<group>";
		};
		043124802269C00F003C7E3E /* QiscusMeetExample */ = {
			isa = PBXGroup;
			children = (
				3D6B3DE12448182F00F69F42 /* GoogleService-Info.plist */,
				3D5C8431243626600070E142 /* QiscusMeetExample.entitlements */,
				043124812269C00F003C7E3E /* AppDelegate.swift */,
				043124832269C00F003C7E3E /* ViewController.swift */,
				043124852269C00F003C7E3E /* Main.storyboard */,
				043124882269C011003C7E3E /* Assets.xcassets */,
				0431248A2269C011003C7E3E /* LaunchScreen.storyboard */,
				0431248D2269C011003C7E3E /* Info.plist */,
				3DD5C8572435E344001A7941 /* ConferenceVC.swift */,
				3DD5C8582435E344001A7941 /* ConferenceVC.xib */,
			);
			path = QiscusMeetExample;
			sourceTree = "<group>";
		};
		1FCB9FE3A43C6A71E8332290 /* Frameworks */ = {
			isa = PBXGroup;
			children = (
				9D18379216495591D1647E2D /* Pods_QiscusMeetExample.framework */,
			);
			name = Frameworks;
			sourceTree = "<group>";
		};
		B8E8D906D175DF80FA82D0FC /* Pods */ = {
			isa = PBXGroup;
			children = (
				C1EEFBBDDD341346388CBFE5 /* Pods-QiscusMeetExample.debug.xcconfig */,
				0DDB41A7B8586FDD84163CBE /* Pods-QiscusMeetExample.release.xcconfig */,
			);
			path = Pods;
			sourceTree = "<group>";
		};
/* End PBXGroup section */

/* Begin PBXNativeTarget section */
		0431247D2269C00F003C7E3E /* QiscusMeetExample */ = {
			isa = PBXNativeTarget;
			buildConfigurationList = 043124902269C011003C7E3E /* Build configuration list for PBXNativeTarget "QiscusMeetExample" */;
			buildPhases = (
				537A43116C6B3207E58D9103 /* [CP] Check Pods Manifest.lock */,
				0431247A2269C00F003C7E3E /* Sources */,
				0431247B2269C00F003C7E3E /* Frameworks */,
				0431247C2269C00F003C7E3E /* Resources */,
				250B4D00723F8EB916D00BB3 /* [CP] Embed Pods Frameworks */,
				3D2C3C1524480BAA004A059F /* ShellScript */,
			);
			buildRules = (
			);
			dependencies = (
			);
			name = QiscusMeetExample;
			productName = QiscusMeetExample;
			productReference = 0431247E2269C00F003C7E3E /* Qiscus Meet.app */;
			productType = "com.apple.product-type.application";
		};
/* End PBXNativeTarget section */

/* Begin PBXProject section */
		043124762269C00F003C7E3E /* Project object */ = {
			isa = PBXProject;
			attributes = {
				LastSwiftUpdateCheck = 1010;
				LastUpgradeCheck = 1010;
				ORGANIZATIONNAME = qiscus;
				TargetAttributes = {
					0431247D2269C00F003C7E3E = {
						CreatedOnToolsVersion = 10.1;
					};
				};
			};
			buildConfigurationList = 043124792269C00F003C7E3E /* Build configuration list for PBXProject "QiscusMeetExample" */;
			compatibilityVersion = "Xcode 9.3";
			developmentRegion = en;
			hasScannedForEncodings = 0;
			knownRegions = (
				en,
				Base,
			);
			mainGroup = 043124752269C00F003C7E3E;
			productRefGroup = 0431247F2269C00F003C7E3E /* Products */;
			projectDirPath = "";
			projectRoot = "";
			targets = (
				0431247D2269C00F003C7E3E /* QiscusMeetExample */,
			);
		};
/* End PBXProject section */

/* Begin PBXResourcesBuildPhase section */
		0431247C2269C00F003C7E3E /* Resources */ = {
			isa = PBXResourcesBuildPhase;
			buildActionMask = 2147483647;
			files = (
				0431248C2269C011003C7E3E /* LaunchScreen.storyboard in Resources */,
				043124892269C011003C7E3E /* Assets.xcassets in Resources */,
				3D6B3DE22448183000F69F42 /* GoogleService-Info.plist in Resources */,
				3DD5C85A2435E344001A7941 /* ConferenceVC.xib in Resources */,
				043124872269C00F003C7E3E /* Main.storyboard in Resources */,
			);
			runOnlyForDeploymentPostprocessing = 0;
		};
/* End PBXResourcesBuildPhase section */

/* Begin PBXShellScriptBuildPhase section */
		250B4D00723F8EB916D00BB3 /* [CP] Embed Pods Frameworks */ = {
			isa = PBXShellScriptBuildPhase;
			buildActionMask = 2147483647;
			files = (
			);
			inputFileListPaths = (
				"${PODS_ROOT}/Target Support Files/Pods-QiscusMeetExample/Pods-QiscusMeetExample-frameworks-${CONFIGURATION}-input-files.xcfilelist",
			);
			name = "[CP] Embed Pods Frameworks";
			outputFileListPaths = (
				"${PODS_ROOT}/Target Support Files/Pods-QiscusMeetExample/Pods-QiscusMeetExample-frameworks-${CONFIGURATION}-output-files.xcfilelist",
			);
			runOnlyForDeploymentPostprocessing = 0;
			shellPath = /bin/sh;
			shellScript = "\"${PODS_ROOT}/Target Support Files/Pods-QiscusMeetExample/Pods-QiscusMeetExample-frameworks.sh\"\n";
			showEnvVarsInLog = 0;
		};
		3D2C3C1524480BAA004A059F /* ShellScript */ = {
			isa = PBXShellScriptBuildPhase;
			buildActionMask = 2147483647;
			files = (
			);
			inputFileListPaths = (
			);
			inputPaths = (
				"$(SRCROOT)/$(BUILT_PRODUCTS_DIR)/$(INFOPLIST_PATH)",
				"${DWARF_DSYM_FOLDER_PATH}/${DWARF_DSYM_FILE_NAME}/Contents/Resources/DWARF/${TARGET_NAME}",
			);
			outputFileListPaths = (
			);
			outputPaths = (
			);
			runOnlyForDeploymentPostprocessing = 0;
			shellPath = /bin/sh;
			shellScript = "\"${PODS_ROOT}/FirebaseCrashlytics/run\"\n";
		};
		537A43116C6B3207E58D9103 /* [CP] Check Pods Manifest.lock */ = {
			isa = PBXShellScriptBuildPhase;
			buildActionMask = 2147483647;
			files = (
			);
			inputFileListPaths = (
			);
			inputPaths = (
				"${PODS_PODFILE_DIR_PATH}/Podfile.lock",
				"${PODS_ROOT}/Manifest.lock",
			);
			name = "[CP] Check Pods Manifest.lock";
			outputFileListPaths = (
			);
			outputPaths = (
				"$(DERIVED_FILE_DIR)/Pods-QiscusMeetExample-checkManifestLockResult.txt",
			);
			runOnlyForDeploymentPostprocessing = 0;
			shellPath = /bin/sh;
			shellScript = "diff \"${PODS_PODFILE_DIR_PATH}/Podfile.lock\" \"${PODS_ROOT}/Manifest.lock\" > /dev/null\nif [ $? != 0 ] ; then\n    # print error to STDERR\n    echo \"error: The sandbox is not in sync with the Podfile.lock. Run 'pod install' or update your CocoaPods installation.\" >&2\n    exit 1\nfi\n# This output is used by Xcode 'outputs' to avoid re-running this script phase.\necho \"SUCCESS\" > \"${SCRIPT_OUTPUT_FILE_0}\"\n";
			showEnvVarsInLog = 0;
		};
/* End PBXShellScriptBuildPhase section */

/* Begin PBXSourcesBuildPhase section */
		0431247A2269C00F003C7E3E /* Sources */ = {
			isa = PBXSourcesBuildPhase;
			buildActionMask = 2147483647;
			files = (
				043124842269C00F003C7E3E /* ViewController.swift in Sources */,
				3DD5C8592435E344001A7941 /* ConferenceVC.swift in Sources */,
				043124822269C00F003C7E3E /* AppDelegate.swift in Sources */,
			);
			runOnlyForDeploymentPostprocessing = 0;
		};
/* End PBXSourcesBuildPhase section */

/* Begin PBXVariantGroup section */
		043124852269C00F003C7E3E /* Main.storyboard */ = {
			isa = PBXVariantGroup;
			children = (
				043124862269C00F003C7E3E /* Base */,
			);
			name = Main.storyboard;
			sourceTree = "<group>";
		};
		0431248A2269C011003C7E3E /* LaunchScreen.storyboard */ = {
			isa = PBXVariantGroup;
			children = (
				0431248B2269C011003C7E3E /* Base */,
			);
			name = LaunchScreen.storyboard;
			sourceTree = "<group>";
		};
/* End PBXVariantGroup section */

/* Begin XCBuildConfiguration section */
		0431248E2269C011003C7E3E /* Debug */ = {
			isa = XCBuildConfiguration;
			buildSettings = {
				ALWAYS_SEARCH_USER_PATHS = NO;
				CLANG_ANALYZER_NONNULL = YES;
				CLANG_ANALYZER_NUMBER_OBJECT_CONVERSION = YES_AGGRESSIVE;
				CLANG_CXX_LANGUAGE_STANDARD = "gnu++14";
				CLANG_CXX_LIBRARY = "libc++";
				CLANG_ENABLE_MODULES = YES;
				CLANG_ENABLE_OBJC_ARC = YES;
				CLANG_ENABLE_OBJC_WEAK = YES;
				CLANG_WARN_BLOCK_CAPTURE_AUTORELEASING = YES;
				CLANG_WARN_BOOL_CONVERSION = YES;
				CLANG_WARN_COMMA = YES;
				CLANG_WARN_CONSTANT_CONVERSION = YES;
				CLANG_WARN_DEPRECATED_OBJC_IMPLEMENTATIONS = YES;
				CLANG_WARN_DIRECT_OBJC_ISA_USAGE = YES_ERROR;
				CLANG_WARN_DOCUMENTATION_COMMENTS = YES;
				CLANG_WARN_EMPTY_BODY = YES;
				CLANG_WARN_ENUM_CONVERSION = YES;
				CLANG_WARN_INFINITE_RECURSION = YES;
				CLANG_WARN_INT_CONVERSION = YES;
				CLANG_WARN_NON_LITERAL_NULL_CONVERSION = YES;
				CLANG_WARN_OBJC_IMPLICIT_RETAIN_SELF = YES;
				CLANG_WARN_OBJC_LITERAL_CONVERSION = YES;
				CLANG_WARN_OBJC_ROOT_CLASS = YES_ERROR;
				CLANG_WARN_RANGE_LOOP_ANALYSIS = YES;
				CLANG_WARN_STRICT_PROTOTYPES = YES;
				CLANG_WARN_SUSPICIOUS_MOVE = YES;
				CLANG_WARN_UNGUARDED_AVAILABILITY = YES_AGGRESSIVE;
				CLANG_WARN_UNREACHABLE_CODE = YES;
				CLANG_WARN__DUPLICATE_METHOD_MATCH = YES;
				CODE_SIGN_IDENTITY = "iPhone Developer";
				COPY_PHASE_STRIP = NO;
				DEBUG_INFORMATION_FORMAT = "dwarf-with-dsym";
				ENABLE_STRICT_OBJC_MSGSEND = YES;
				ENABLE_TESTABILITY = YES;
				GCC_C_LANGUAGE_STANDARD = gnu11;
				GCC_DYNAMIC_NO_PIC = NO;
				GCC_NO_COMMON_BLOCKS = YES;
				GCC_OPTIMIZATION_LEVEL = 0;
				GCC_PREPROCESSOR_DEFINITIONS = (
					"DEBUG=1",
					"$(inherited)",
				);
				GCC_WARN_64_TO_32_BIT_CONVERSION = YES;
				GCC_WARN_ABOUT_RETURN_TYPE = YES_ERROR;
				GCC_WARN_UNDECLARED_SELECTOR = YES;
				GCC_WARN_UNINITIALIZED_AUTOS = YES_AGGRESSIVE;
				GCC_WARN_UNUSED_FUNCTION = YES;
				GCC_WARN_UNUSED_VARIABLE = YES;
				IPHONEOS_DEPLOYMENT_TARGET = 12.1;
				MTL_ENABLE_DEBUG_INFO = INCLUDE_SOURCE;
				MTL_FAST_MATH = YES;
				ONLY_ACTIVE_ARCH = YES;
				SDKROOT = iphoneos;
				SWIFT_ACTIVE_COMPILATION_CONDITIONS = DEBUG;
				SWIFT_OPTIMIZATION_LEVEL = "-Onone";
			};
			name = Debug;
		};
		0431248F2269C011003C7E3E /* Release */ = {
			isa = XCBuildConfiguration;
			buildSettings = {
				ALWAYS_SEARCH_USER_PATHS = NO;
				CLANG_ANALYZER_NONNULL = YES;
				CLANG_ANALYZER_NUMBER_OBJECT_CONVERSION = YES_AGGRESSIVE;
				CLANG_CXX_LANGUAGE_STANDARD = "gnu++14";
				CLANG_CXX_LIBRARY = "libc++";
				CLANG_ENABLE_MODULES = YES;
				CLANG_ENABLE_OBJC_ARC = YES;
				CLANG_ENABLE_OBJC_WEAK = YES;
				CLANG_WARN_BLOCK_CAPTURE_AUTORELEASING = YES;
				CLANG_WARN_BOOL_CONVERSION = YES;
				CLANG_WARN_COMMA = YES;
				CLANG_WARN_CONSTANT_CONVERSION = YES;
				CLANG_WARN_DEPRECATED_OBJC_IMPLEMENTATIONS = YES;
				CLANG_WARN_DIRECT_OBJC_ISA_USAGE = YES_ERROR;
				CLANG_WARN_DOCUMENTATION_COMMENTS = YES;
				CLANG_WARN_EMPTY_BODY = YES;
				CLANG_WARN_ENUM_CONVERSION = YES;
				CLANG_WARN_INFINITE_RECURSION = YES;
				CLANG_WARN_INT_CONVERSION = YES;
				CLANG_WARN_NON_LITERAL_NULL_CONVERSION = YES;
				CLANG_WARN_OBJC_IMPLICIT_RETAIN_SELF = YES;
				CLANG_WARN_OBJC_LITERAL_CONVERSION = YES;
				CLANG_WARN_OBJC_ROOT_CLASS = YES_ERROR;
				CLANG_WARN_RANGE_LOOP_ANALYSIS = YES;
				CLANG_WARN_STRICT_PROTOTYPES = YES;
				CLANG_WARN_SUSPICIOUS_MOVE = YES;
				CLANG_WARN_UNGUARDED_AVAILABILITY = YES_AGGRESSIVE;
				CLANG_WARN_UNREACHABLE_CODE = YES;
				CLANG_WARN__DUPLICATE_METHOD_MATCH = YES;
				CODE_SIGN_IDENTITY = "iPhone Developer";
				COPY_PHASE_STRIP = NO;
				DEBUG_INFORMATION_FORMAT = "dwarf-with-dsym";
				ENABLE_NS_ASSERTIONS = NO;
				ENABLE_STRICT_OBJC_MSGSEND = YES;
				GCC_C_LANGUAGE_STANDARD = gnu11;
				GCC_NO_COMMON_BLOCKS = YES;
				GCC_WARN_64_TO_32_BIT_CONVERSION = YES;
				GCC_WARN_ABOUT_RETURN_TYPE = YES_ERROR;
				GCC_WARN_UNDECLARED_SELECTOR = YES;
				GCC_WARN_UNINITIALIZED_AUTOS = YES_AGGRESSIVE;
				GCC_WARN_UNUSED_FUNCTION = YES;
				GCC_WARN_UNUSED_VARIABLE = YES;
				IPHONEOS_DEPLOYMENT_TARGET = 12.1;
				MTL_ENABLE_DEBUG_INFO = NO;
				MTL_FAST_MATH = YES;
				SDKROOT = iphoneos;
				SWIFT_COMPILATION_MODE = wholemodule;
				SWIFT_OPTIMIZATION_LEVEL = "-O";
				VALIDATE_PRODUCT = YES;
			};
			name = Release;
		};
		043124912269C011003C7E3E /* Debug */ = {
			isa = XCBuildConfiguration;
			baseConfigurationReference = C1EEFBBDDD341346388CBFE5 /* Pods-QiscusMeetExample.debug.xcconfig */;
			buildSettings = {
				ASSETCATALOG_COMPILER_APPICON_NAME = AppIcon;
				CODE_SIGN_ENTITLEMENTS = QiscusMeetExample/QiscusMeetExample.entitlements;
				CODE_SIGN_IDENTITY = "iPhone Developer";
				CODE_SIGN_STYLE = Manual;
				CURRENT_PROJECT_VERSION = 2;
				DEBUG_INFORMATION_FORMAT = "dwarf-with-dsym";
				DEVELOPMENT_TEAM = QG8KA4P8TE;
				ENABLE_BITCODE = NO;
				INFOPLIST_FILE = QiscusMeetExample/Info.plist;
				IPHONEOS_DEPLOYMENT_TARGET = 11.0;
				LD_RUNPATH_SEARCH_PATHS = (
					"$(inherited)",
					"@executable_path/Frameworks",
				);
				MARKETING_VERSION = 1.2.1;
				PRODUCT_BUNDLE_IDENTIFIER = com.qiscus.meetios;
				PRODUCT_NAME = "Qiscus Meet";
				PROVISIONING_PROFILE_SPECIFIER = "Qiscus Meet IOS Dev";
				SWIFT_VERSION = 4.2;
				TARGETED_DEVICE_FAMILY = "1,2";
			};
			name = Debug;
		};
		043124922269C011003C7E3E /* Release */ = {
			isa = XCBuildConfiguration;
			baseConfigurationReference = 0DDB41A7B8586FDD84163CBE /* Pods-QiscusMeetExample.release.xcconfig */;
			buildSettings = {
				ASSETCATALOG_COMPILER_APPICON_NAME = AppIcon;
				CODE_SIGN_ENTITLEMENTS = QiscusMeetExample/QiscusMeetExample.entitlements;
				CODE_SIGN_IDENTITY = "iPhone Developer";
				CODE_SIGN_STYLE = Manual;
				CURRENT_PROJECT_VERSION = 2;
				DEVELOPMENT_TEAM = QG8KA4P8TE;
				ENABLE_BITCODE = NO;
				INFOPLIST_FILE = QiscusMeetExample/Info.plist;
				IPHONEOS_DEPLOYMENT_TARGET = 11.0;
				LD_RUNPATH_SEARCH_PATHS = (
					"$(inherited)",
					"@executable_path/Frameworks",
				);
				MARKETING_VERSION = 1.2.1;
				PRODUCT_BUNDLE_IDENTIFIER = com.qiscus.meetios;
				PRODUCT_NAME = "Qiscus Meet";
				PROVISIONING_PROFILE_SPECIFIER = "Qiscus Meet IOS Dev";
				SWIFT_VERSION = 4.2;
				TARGETED_DEVICE_FAMILY = "1,2";
			};
			name = Release;
		};
/* End XCBuildConfiguration section */

/* Begin XCConfigurationList section */
		043124792269C00F003C7E3E /* Build configuration list for PBXProject "QiscusMeetExample" */ = {
			isa = XCConfigurationList;
			buildConfigurations = (
				0431248E2269C011003C7E3E /* Debug */,
				0431248F2269C011003C7E3E /* Release */,
			);
			defaultConfigurationIsVisible = 0;
			defaultConfigurationName = Release;
		};
		043124902269C011003C7E3E /* Build configuration list for PBXNativeTarget "QiscusMeetExample" */ = {
			isa = XCConfigurationList;
			buildConfigurations = (
				043124912269C011003C7E3E /* Debug */,
				043124922269C011003C7E3E /* Release */,
			);
			defaultConfigurationIsVisible = 0;
			defaultConfigurationName = Release;
		};
/* End XCConfigurationList section */
	};
	rootObject = 043124762269C00F003C7E3E /* Project object */;
}
